{
  "name": "modern-javascript",
  "version": "1.0.0",
  "lockfileVersion": 2,
  "requires": true,
  "packages": {
    "": {
      "version": "1.0.0",
      "license": "ISC",
      "dependencies": {
        "length.js": "^1.1.1",
        "moment": "^2.29.1"
      }
    },
    "node_modules/length.js": {
      "version": "1.1.1",
      "resolved": "https://registry.npmjs.org/length.js/-/length.js-1.1.1.tgz",
      "integrity": "sha512-ArT3epmXh+IqPp7VRs0dQjYFYFPSRLZidGhWsfs9SWAJKckm3i9SPdKeNr9rzrDrVclfX6nqm0n7pd00QdA0yw=="
    },
    "node_modules/moment": {
      "version": "2.29.1",
      "resolved": "https://registry.npmjs.org/moment/-/moment-2.29.1.tgz",
      "integrity": "sha512-kHmoybcPV8Sqy59DwNDY3Jefr64lK/by/da0ViFcuA4DH0vQg5Q6Ze5VimxkfQNSC+Mls/Kx53s7TjP1RhFEDQ==",
      "engines": {
        "node": "*"
      }
    }
  },
  "dependencies": {
    "length.js": {
      "version": "1.1.1",
      "resolved": "https://registry.npmjs.org/length.js/-/length.js-1.1.1.tgz",
      "integrity": "sha512-ArT3epmXh+IqPp7VRs0dQjYFYFPSRLZidGhWsfs9SWAJKckm3i9SPdKeNr9rzrDrVclfX6nqm0n7pd00QdA0yw=="
    },
    "moment": {
      "version": "2.29.1",
      "resolved": "https://registry.npmjs.org/moment/-/moment-2.29.1.tgz",
      "integrity": "sha512-kHmoybcPV8Sqy59DwNDY3Jefr64lK/by/da0ViFcuA4DH0vQg5Q6Ze5VimxkfQNSC+Mls/Kx53s7TjP1RhFEDQ=="
    }
  }
}
